
Microsoft Visual Studio Solution File, Format Version 12.00
# Visual Studio 15
Project("{FAE04EC0-301F-11D3-BF4B-00C04F79EFBC}") = "JwtAuthAspNetCore22", "JwtAuthAspNetCore22\JwtAuthAspNetCore22.csproj", "{D2307622-2AC5-4BF4-BC35-45BE4C9E6729}"
EndProject
Global
	GlobalSection(SolutionConfigurationPlatforms) = preSolution
		Debug|Any CPU = Debug|Any CPU
		Release|Any CPU = Release|Any CPU
	EndGlobalSection
	GlobalSection(ProjectConfigurationPlatforms) = postSolution
		{D2307622-2AC5-4BF4-BC35-45BE4C9E6729}.Debug|Any CPU.ActiveCfg = Debug|Any CPU
		{D2307622-2AC5-4BF4-BC35-45BE4C9E6729}.Debug|Any CPU.Build.0 = Debug|Any CPU
		{D2307622-2AC5-4BF4-BC35-45BE4C9E6729}.Release|Any CPU.ActiveCfg = Release|Any CPU
		{D2307622-2AC5-4BF4-BC35-45BE4C9E6729}.Release|Any CPU.Build.0 = Release|Any CPU
	EndGlobalSection
EndGlobal
